// !$*UTF8*$!
{
	archiveVersion = 1;
	classes = {
	};
	objectVersion = 46;
	objects = {

/* Begin PBXBuildFile section */
		A0D277701AA6EFD600F604FF /* AppDelegate.swift in Sources */ = {isa = PBXBuildFile; fileRef = A0D2776F1AA6EFD600F604FF /* AppDelegate.swift */; };
		A0D277721AA6EFD600F604FF /* ViewController.swift in Sources */ = {isa = PBXBuildFile; fileRef = A0D277711AA6EFD600F604FF /* ViewController.swift */; };
		A0D277751AA6EFD600F604FF /* Main.storyboard in Resources */ = {isa = PBXBuildFile; fileRef = A0D277731AA6EFD600F604FF /* Main.storyboard */; };
		A0D277771AA6EFD600F604FF /* Images.xcassets in Resources */ = {isa = PBXBuildFile; fileRef = A0D277761AA6EFD600F604FF /* Images.xcassets */; };
		A0D2777A1AA6EFD600F604FF /* LaunchScreen.xib in Resources */ = {isa = PBXBuildFile; fileRef = A0D277781AA6EFD600F604FF /* LaunchScreen.xib */; };
		A0D277861AA6EFD600F604FF /* Cat_YearsTests.swift in Sources */ = {isa = PBXBuildFile; fileRef = A0D277851AA6EFD600F604FF /* Cat_YearsTests.swift */; };
		A0D277901AA6F23600F604FF /* download.jpeg in Resources */ = {isa = PBXBuildFile; fileRef = A0D2778F1AA6F23600F604FF /* download.jpeg */; };
/* End PBXBuildFile section */

/* Begin PBXContainerItemProxy section */
		A0D277801AA6EFD600F604FF /* PBXContainerItemProxy */ = {
			isa = PBXContainerItemProxy;
			containerPortal = A0D277621AA6EFD600F604FF /* Project object */;
			proxyType = 1;
			remoteGlobalIDString = A0D277691AA6EFD600F604FF;
			remoteInfo = "Cat Years";
		};
/* End PBXContainerItemProxy section */

/* Begin PBXFileReference section */
		A0D2776A1AA6EFD600F604FF /* Cat Years.app */ = {isa = PBXFileReference; explicitFileType = wrapper.application; includeInIndex = 0; path = "Cat Years.app"; sourceTree = BUILT_PRODUCTS_DIR; };
		A0D2776E1AA6EFD600F604FF /* Info.plist */ = {isa = PBXFileReference; lastKnownFileType = text.plist.xml; path = Info.plist; sourceTree = "<group>"; };
		A0D2776F1AA6EFD600F604FF /* AppDelegate.swift */ = {isa = PBXFileReference; lastKnownFileType = sourcecode.swift; path = AppDelegate.swift; sourceTree = "<group>"; };
		A0D277711AA6EFD600F604FF /* ViewController.swift */ = {isa = PBXFileReference; lastKnownFileType = sourcecode.swift; path = ViewController.swift; sourceTree = "<group>"; };
		A0D277741AA6EFD600F604FF /* Base */ = {isa = PBXFileReference; lastKnownFileType = file.storyboard; name = Base; path = Base.lproj/Main.storyboard; sourceTree = "<group>"; };
		A0D277761AA6EFD600F604FF /* Images.xcassets */ = {isa = PBXFileReference; lastKnownFileType = folder.assetcatalog; path = Images.xcassets; sourceTree = "<group>"; };
		A0D277791AA6EFD600F604FF /* Base */ = {isa = PBXFileReference; lastKnownFileType = file.xib; name = Base; path = Base.lproj/LaunchScreen.xib; sourceTree = "<group>"; };
		A0D2777F1AA6EFD600F604FF /* Cat YearsTests.xctest */ = {isa = PBXFileReference; explicitFileType = wrapper.cfbundle; includeInIndex = 0; path = "Cat YearsTests.xctest"; sourceTree = BUILT_PRODUCTS_DIR; };
		A0D277841AA6EFD600F604FF /* Info.plist */ = {isa = PBXFileReference; lastKnownFileType = text.plist.xml; path = Info.plist; sourceTree = "<group>"; };
		A0D277851AA6EFD600F604FF /* Cat_YearsTests.swift */ = {isa = PBXFileReference; lastKnownFileType = sourcecode.swift; path = Cat_YearsTests.swift; sourceTree = "<group>"; };
		A0D2778F1AA6F23600F604FF /* download.jpeg */ = {isa = PBXFileReference; lastKnownFileType = image.jpeg; name = download.jpeg; path = ../../../download.jpeg; sourceTree = "<group>"; };
/* End PBXFileReference section */

/* Begin PBXFrameworksBuildPhase section */
		A0D277671AA6EFD600F604FF /* Frameworks */ = {
			isa = PBXFrameworksBuildPhase;
			buildActionMask = 2147483647;
			files = (
			);
			runOnlyForDeploymentPostprocessing = 0;
		};
		A0D2777C1AA6EFD600F604FF /* Frameworks */ = {
			isa = PBXFrameworksBuildPhase;
			buildActionMask = 2147483647;
			files = (
			);
			runOnlyForDeploymentPostprocessing = 0;
		};
/* End PBXFrameworksBuildPhase section */

/* Begin PBXGroup section */
		A0D277611AA6EFD600F604FF = {
			isa = PBXGroup;
			children = (
				A0D2776C1AA6EFD600F604FF /* Cat Years */,
				A0D277821AA6EFD600F604FF /* Cat YearsTests */,
				A0D2776B1AA6EFD600F604FF /* Products */,
			);
			sourceTree = "<group>";
		};
		A0D2776B1AA6EFD600F604FF /* Products */ = {
			isa = PBXGroup;
			children = (
				A0D2776A1AA6EFD600F604FF /* Cat Years.app */,
				A0D2777F1AA6EFD600F604FF /* Cat YearsTests.xctest */,
			);
			name = Products;
			sourceTree = "<group>";
		};
		A0D2776C1AA6EFD600F604FF /* Cat Years */ = {
			isa = PBXGroup;
			children = (
				A0D2776F1AA6EFD600F604FF /* AppDelegate.swift */,
				A0D277711AA6EFD600F604FF /* ViewController.swift */,
				A0D277731AA6EFD600F604FF /* Main.storyboard */,
				A0D277761AA6EFD600F604FF /* Images.xcassets */,
				A0D2778F1AA6F23600F604FF /* download.jpeg */,
				A0D277781AA6EFD600F604FF /* LaunchScreen.xib */,
				A0D2776D1AA6EFD600F604FF /* Supporting Files */,
			);
			path = "Cat Years";
			sourceTree = "<group>";
		};
		A0D2776D1AA6EFD600F604FF /* Supporting Files */ = {
			isa = PBXGroup;
			children = (
				A0D2776E1AA6EFD600F604FF /* Info.plist */,
			);
			name = "Supporting Files";
			sourceTree = "<group>";
		};
		A0D277821AA6EFD600F604FF /* Cat YearsTests */ = {
			isa = PBXGroup;
			children = (
				A0D277851AA6EFD600F604FF /* Cat_YearsTests.swift */,
				A0D277831AA6EFD600F604FF /* Supporting Files */,
			);
			path = "Cat YearsTests";
			sourceTree = "<group>";
		};
		A0D277831AA6EFD600F604FF /* Supporting Files */ = {
			isa = PBXGroup;
			children = (
				A0D277841AA6EFD600F604FF /* Info.plist */,
			);
			name = "Supporting Files";
			sourceTree = "<group>";
		};
/* End PBXGroup section */

/* Begin PBXNativeTarget section */
		A0D277691AA6EFD600F604FF /* Cat Years */ = {
			isa = PBXNativeTarget;
			buildConfigurationList = A0D277891AA6EFD600F604FF /* Build configuration list for PBXNativeTarget "Cat Years" */;
			buildPhases = (
				A0D277661AA6EFD600F604FF /* Sources */,
				A0D277671AA6EFD600F604FF /* Frameworks */,
				A0D277681AA6EFD600F604FF /* Resources */,
			);
			buildRules = (
			);
			dependencies = (
			);
			name = "Cat Years";
			productName = "Cat Years";
			productReference = A0D2776A1AA6EFD600F604FF /* Cat Years.app */;
			productType = "com.apple.product-type.application";
		};
		A0D2777E1AA6EFD600F604FF /* Cat YearsTests */ = {
			isa = PBXNativeTarget;
			buildConfigurationList = A0D2778C1AA6EFD600F604FF /* Build configuration list for PBXNativeTarget "Cat YearsTests" */;
			buildPhases = (
				A0D2777B1AA6EFD600F604FF /* Sources */,
				A0D2777C1AA6EFD600F604FF /* Frameworks */,
				A0D2777D1AA6EFD600F604FF /* Resources */,
			);
			buildRules = (
			);
			dependencies = (
				A0D277811AA6EFD600F604FF /* PBXTargetDependency */,
			);
			name = "Cat YearsTests";
			productName = "Cat YearsTests";
			productReference = A0D2777F1AA6EFD600F604FF /* Cat YearsTests.xctest */;
			productType = "com.apple.product-type.bundle.unit-test";
		};
/* End PBXNativeTarget section */

/* Begin PBXProject section */
		A0D277621AA6EFD600F604FF /* Project object */ = {
			isa = PBXProject;
			attributes = {
				LastUpgradeCheck = 0610;
				ORGANIZATIONNAME = "Raghav Khurana";
				TargetAttributes = {
					A0D277691AA6EFD600F604FF = {
						CreatedOnToolsVersion = 6.1.1;
					};
					A0D2777E1AA6EFD600F604FF = {
						CreatedOnToolsVersion = 6.1.1;
						TestTargetID = A0D277691AA6EFD600F604FF;
					};
				};
			};
			buildConfigurationList = A0D277651AA6EFD600F604FF /* Build configuration list for PBXProject "Cat Years" */;
			compatibilityVersion = "Xcode 3.2";
			developmentRegion = English;
			hasScannedForEncodings = 0;
			knownRegions = (
				en,
				Base,
			);
			mainGroup = A0D277611AA6EFD600F604FF;
			productRefGroup = A0D2776B1AA6EFD600F604FF /* Products */;
			projectDirPath = "";
			projectRoot = "";
			targets = (
				A0D277691AA6EFD600F604FF /* Cat Years */,
				A0D2777E1AA6EFD600F604FF /* Cat YearsTests */,
			);
		};
/* End PBXProject section */

/* Begin PBXResourcesBuildPhase section */
		A0D277681AA6EFD600F604FF /* Resources */ = {
			isa = PBXResourcesBuildPhase;
			buildActionMask = 2147483647;
			files = (
				A0D277751AA6EFD600F604FF /* Main.storyboard in Resources */,
				A0D277901AA6F23600F604FF /* download.jpeg in Resources */,
				A0D2777A1AA6EFD600F604FF /* LaunchScreen.xib in Resources */,
				A0D277771AA6EFD600F604FF /* Images.xcassets in Resources */,
			);
			runOnlyForDeploymentPostprocessing = 0;
		};
		A0D2777D1AA6EFD600F604FF /* Resources */ = {
			isa = PBXResourcesBuildPhase;
			buildActionMask = 2147483647;
			files = (
			);
			runOnlyForDeploymentPostprocessing = 0;
		};
/* End PBXResourcesBuildPhase section */

/* Begin PBXSourcesBuildPhase section */
		A0D277661AA6EFD600F604FF /* Sources */ = {
			isa = PBXSourcesBuildPhase;
			buildActionMask = 2147483647;
			files = (
				A0D277721AA6EFD600F604FF /* ViewController.swift in Sources */,
				A0D277701AA6EFD600F604FF /* AppDelegate.swift in Sources */,
			);
			runOnlyForDeploymentPostprocessing = 0;
		};
		A0D2777B1AA6EFD600F604FF /* Sources */ = {
			isa = PBXSourcesBuildPhase;
			buildActionMask = 2147483647;
			files = (
				A0D277861AA6EFD600F604FF /* Cat_YearsTests.swift in Sources */,
			);
			runOnlyForDeploymentPostprocessing = 0;
		};
/* End PBXSourcesBuildPhase section */

/* Begin PBXTargetDependency section */
		A0D277811AA6EFD600F604FF /* PBXTargetDependency */ = {
			isa = PBXTargetDependency;
			target = A0D277691AA6EFD600F604FF /* Cat Years */;
			targetProxy = A0D277801AA6EFD600F604FF /* PBXContainerItemProxy */;
		};
/* End PBXTargetDependency section */

/* Begin PBXVariantGroup section */
		A0D277731AA6EFD600F604FF /* Main.storyboard */ = {
			isa = PBXVariantGroup;
			children = (
				A0D277741AA6EFD600F604FF /* Base */,
			);
			name = Main.storyboard;
			sourceTree = "<group>";
		};
		A0D277781AA6EFD600F604FF /* LaunchScreen.xib */ = {
			isa = PBXVariantGroup;
			children = (
				A0D277791AA6EFD600F604FF /* Base */,
			);
			name = LaunchScreen.xib;
			sourceTree = "<group>";
		};
/* End PBXVariantGroup section */

/* Begin XCBuildConfiguration section */
		A0D277871AA6EFD600F604FF /* Debug */ = {
			isa = XCBuildConfiguration;
			buildSettings = {
				ALWAYS_SEARCH_USER_PATHS = NO;
				CLANG_CXX_LANGUAGE_STANDARD = "gnu++0x";
				CLANG_CXX_LIBRARY = "libc++";
				CLANG_ENABLE_MODULES = YES;
				CLANG_ENABLE_OBJC_ARC = YES;
				CLANG_WARN_BOOL_CONVERSION = YES;
				CLANG_WARN_CONSTANT_CONVERSION = YES;
				CLANG_WARN_DIRECT_OBJC_ISA_USAGE = YES_ERROR;
				CLANG_WARN_EMPTY_BODY = YES;
				CLANG_WARN_ENUM_CONVERSION = YES;
				CLANG_WARN_INT_CONVERSION = YES;
				CLANG_WARN_OBJC_ROOT_CLASS = YES_ERROR;
				CLANG_WARN_UNREACHABLE_CODE = YES;
				CLANG_WARN__DUPLICATE_METHOD_MATCH = YES;
				"CODE_SIGN_IDENTITY[sdk=iphoneos*]" = "iPhone Developer";
				COPY_PHASE_STRIP = NO;
				ENABLE_STRICT_OBJC_MSGSEND = YES;
				GCC_C_LANGUAGE_STANDARD = gnu99;
				GCC_DYNAMIC_NO_PIC = NO;
				GCC_OPTIMIZATION_LEVEL = 0;
				GCC_PREPROCESSOR_DEFINITIONS = (
					"DEBUG=1",
					"$(inherited)",
				);
				GCC_SYMBOLS_PRIVATE_EXTERN = NO;
				GCC_WARN_64_TO_32_BIT_CONVERSION = YES;
				GCC_WARN_ABOUT_RETURN_TYPE = YES_ERROR;
				GCC_WARN_UNDECLARED_SELECTOR = YES;
				GCC_WARN_UNINITIALIZED_AUTOS = YES_AGGRESSIVE;
				GCC_WARN_UNUSED_FUNCTION = YES;
				GCC_WARN_UNUSED_VARIABLE = YES;
				IPHONEOS_DEPLOYMENT_TARGET = 8.1;
				MTL_ENABLE_DEBUG_INFO = YES;
				ONLY_ACTIVE_ARCH = YES;
				SDKROOT = iphoneos;
				SWIFT_OPTIMIZATION_LEVEL = "-Onone";
			};
			name = Debug;
		};
		A0D277881AA6EFD600F604FF /* Release */ = {
			isa = XCBuildConfiguration;
			buildSettings = {
				ALWAYS_SEARCH_USER_PATHS = NO;
				CLANG_CXX_LANGUAGE_STANDARD = "gnu++0x";
				CLANG_CXX_LIBRARY = "libc++";
				CLANG_ENABLE_MODULES = YES;
				CLANG_ENABLE_OBJC_ARC = YES;
				CLANG_WARN_BOOL_CONVERSION = YES;
				CLANG_WARN_CONSTANT_CONVERSION = YES;
				CLANG_WARN_DIRECT_OBJC_ISA_USAGE = YES_ERROR;
				CLANG_WARN_EMPTY_BODY = YES;
				CLANG_WARN_ENUM_CONVERSION = YES;
				CLANG_WARN_INT_CONVERSION = YES;
				CLANG_WARN_OBJC_ROOT_CLASS = YES_ERROR;
				CLANG_WARN_UNREACHABLE_CODE = YES;
				CLANG_WARN__DUPLICATE_METHOD_MATCH = YES;
				"CODE_SIGN_IDENTITY[sdk=iphoneos*]" = "iPhone Developer";
				COPY_PHASE_STRIP = YES;
				ENABLE_NS_ASSERTIONS = NO;
				ENABLE_STRICT_OBJC_MSGSEND = YES;
				GCC_C_LANGUAGE_STANDARD = gnu99;
				GCC_WARN_64_TO_32_BIT_CONVERSION = YES;
				GCC_WARN_ABOUT_RETURN_TYPE = YES_ERROR;
				GCC_WARN_UNDECLARED_SELECTOR = YES;
				GCC_WARN_UNINITIALIZED_AUTOS = YES_AGGRESSIVE;
				GCC_WARN_UNUSED_FUNCTION = YES;
				GCC_WARN_UNUSED_VARIABLE = YES;
				IPHONEOS_DEPLOYMENT_TARGET = 8.1;
				MTL_ENABLE_DEBUG_INFO = NO;
				SDKROOT = iphoneos;
				VALIDATE_PRODUCT = YES;
			};
			name = Release;
		};
		A0D2778A1AA6EFD600F604FF /* Debug */ = {
			isa = XCBuildConfiguration;
			buildSettings = {
				ASSETCATALOG_COMPILER_APPICON_NAME = AppIcon;
				INFOPLIST_FILE = "Cat Years/Info.plist";
				LD_RUNPATH_SEARCH_PATHS = "$(inherited) @executable_path/Frameworks";
				PRODUCT_NAME = "$(TARGET_NAME)";
			};
			name = Debug;
		};
		A0D2778B1AA6EFD600F604FF /* Release */ = {
			isa = XCBuildConfiguration;
			buildSettings = {
				ASSETCATALOG_COMPILER_APPICON_NAME = AppIcon;
				INFOPLIST_FILE = "Cat Years/Info.plist";
				LD_RUNPATH_SEARCH_PATHS = "$(inherited) @executable_path/Frameworks";
				PRODUCT_NAME = "$(TARGET_NAME)";
			};
			name = Release;
		};
		A0D2778D1AA6EFD600F604FF /* Debug */ = {
			isa = XCBuildConfiguration;
			buildSettings = {
				BUNDLE_LOADER = "$(TEST_HOST)";
				FRAMEWORK_SEARCH_PATHS = (
					"$(SDKROOT)/Developer/Library/Frameworks",
					"$(inherited)",
				);
				GCC_PREPROCESSOR_DEFINITIONS = (
					"DEBUG=1",
					"$(inherited)",
				);
				INFOPLIST_FILE = "Cat YearsTests/Info.plist";
				LD_RUNPATH_SEARCH_PATHS = "$(inherited) @executable_path/Frameworks @loader_path/Frameworks";
				PRODUCT_NAME = "$(TARGET_NAME)";
				TEST_HOST = "$(BUILT_PRODUCTS_DIR)/Cat Years.app/Cat Years";
			};
			name = Debug;
		};
		A0D2778E1AA6EFD600F604FF /* Release */ = {
			isa = XCBuildConfiguration;
			buildSettings = {
				BUNDLE_LOADER = "$(TEST_HOST)";
				FRAMEWORK_SEARCH_PATHS = (
					"$(SDKROOT)/Developer/Library/Frameworks",
					"$(inherited)",
				);
				INFOPLIST_FILE = "Cat YearsTests/Info.plist";
				LD_RUNPATH_SEARCH_PATHS = "$(inherited) @executable_path/Frameworks @loader_path/Frameworks";
				PRODUCT_NAME = "$(TARGET_NAME)";
				TEST_HOST = "$(BUILT_PRODUCTS_DIR)/Cat Years.app/Cat Years";
			};
			name = Release;
		};
/* End XCBuildConfiguration section */

/* Begin XCConfigurationList section */
		A0D277651AA6EFD600F604FF /* Build configuration list for PBXProject "Cat Years" */ = {
			isa = XCConfigurationList;
			buildConfigurations = (
				A0D277871AA6EFD600F604FF /* Debug */,
				A0D277881AA6EFD600F604FF /* Release */,
			);
			defaultConfigurationIsVisible = 0;
			defaultConfigurationName = Release;
		};
		A0D277891AA6EFD600F604FF /* Build configuration list for PBXNativeTarget "Cat Years" */ = {
			isa = XCConfigurationList;
			buildConfigurations = (
				A0D2778A1AA6EFD600F604FF /* Debug */,
				A0D2778B1AA6EFD600F604FF /* Release */,
			);
			defaultConfigurationIsVisible = 0;
		};
		A0D2778C1AA6EFD600F604FF /* Build configuration list for PBXNativeTarget "Cat YearsTests" */ = {
			isa = XCConfigurationList;
			buildConfigurations = (
				A0D2778D1AA6EFD600F604FF /* Debug */,
				A0D2778E1AA6EFD600F604FF /* Release */,
			);
			defaultConfigurationIsVisible = 0;
		};
/* End XCConfigurationList section */
	};
	rootObject = A0D277621AA6EFD600F604FF /* Project object */;
}
